# This file is autogenerated, do not edit; changes may be undone by the next 'dep ensure'.


[[projects]]
  name = "github.com/bwmarrin/discordgo"
  packages = ["."]
  revision = "2fda7ce223a66a5b70b66987c22c3c94d022ee66"
  version = "v0.17.0"

[[projects]]
  name = "github.com/gorilla/websocket"
  packages = ["."]
  revision = "ea4d1f681babbce9545c9c5f3d5194a789c89f5b"
  version = "v1.2.0"

[[projects]]
  branch = "master"
  name = "golang.org/x/crypto"
  packages = ["nacl/secretbox","poly1305","salsa20/salsa"]
  revision = "6a293f2d4b14b8e6d3f0539e383f6d0d30fce3fd"

[[projects]]
  branch = "v1"
  name = "gopkg.in/bsm/ratelimit.v1"
  packages = ["."]
  revision = "db14e161995a5177acef654cb0dd785e8ee8bc22"

[[projects]]
  name = "gopkg.in/redis.v3"
  packages = [".","internal","internal/consistenthash","internal/hashtag","internal/pool"]
  revision = "b5e368500d0a508ef8f16e9c2d4025a8a46bcc29"
  version = "v3.6.4"

[solve-meta]
  analyzer-name = "dep"
  analyzer-version = 1
  inputs-digest = "18023a6267dec2a71174abfe5ec44e451f898d6732631138d6f1d3fe4911ba68"
  solver-name = "gps-cdcl"
  solver-version = 1
